
Microsoft Visual Studio Solution File, Format Version 12.00
# Visual Studio Version 17
VisualStudioVersion = 17.5.002.0
MinimumVisualStudioVersion = 10.0.40219.1
Project("{FAE04EC0-301F-11D3-BF4B-00C04F79EFBC}") = "MoviesApi", "src\MoviesApi\MoviesApi.csproj", "{073E6C60-2D4C-4A81-A5D4-AAAED344F51A}"
EndProject
Project("{FAE04EC0-301F-11D3-BF4B-00C04F79EFBC}") = "MoviesApi.Tests", "tests\MoviesApi.Tests\MoviesApi.Tests.csproj", "{6B7FD256-C0DD-4138-9FF0-26D4AC65F4BE}"
EndProject
Project("{FAE04EC0-301F-11D3-BF4B-00C04F79EFBC}") = "MoviesApi.Infra", "infra\MoviesApi.Infra\MoviesApi.Infra.csproj", "{9DE0CB07-65F5-408A-B20A-CA2436F5C29F}"
EndProject
Global
	GlobalSection(SolutionConfigurationPlatforms) = preSolution
		Debug|Any CPU = Debug|Any CPU
		Release|Any CPU = Release|Any CPU
	EndGlobalSection
	GlobalSection(ProjectConfigurationPlatforms) = postSolution
		{073E6C60-2D4C-4A81-A5D4-AAAED344F51A}.Debug|Any CPU.ActiveCfg = Debug|Any CPU
		{073E6C60-2D4C-4A81-A5D4-AAAED344F51A}.Debug|Any CPU.Build.0 = Debug|Any CPU
		{073E6C60-2D4C-4A81-A5D4-AAAED344F51A}.Release|Any CPU.ActiveCfg = Release|Any CPU
		{073E6C60-2D4C-4A81-A5D4-AAAED344F51A}.Release|Any CPU.Build.0 = Release|Any CPU
		{6B7FD256-C0DD-4138-9FF0-26D4AC65F4BE}.Debug|Any CPU.ActiveCfg = Debug|Any CPU
		{6B7FD256-C0DD-4138-9FF0-26D4AC65F4BE}.Debug|Any CPU.Build.0 = Debug|Any CPU
		{6B7FD256-C0DD-4138-9FF0-26D4AC65F4BE}.Release|Any CPU.ActiveCfg = Release|Any CPU
		{6B7FD256-C0DD-4138-9FF0-26D4AC65F4BE}.Release|Any CPU.Build.0 = Release|Any CPU
		{9DE0CB07-65F5-408A-B20A-CA2436F5C29F}.Debug|Any CPU.ActiveCfg = Debug|Any CPU
		{9DE0CB07-65F5-408A-B20A-CA2436F5C29F}.Debug|Any CPU.Build.0 = Debug|Any CPU
		{9DE0CB07-65F5-408A-B20A-CA2436F5C29F}.Release|Any CPU.ActiveCfg = Release|Any CPU
		{9DE0CB07-65F5-408A-B20A-CA2436F5C29F}.Release|Any CPU.Build.0 = Release|Any CPU
	EndGlobalSection
	GlobalSection(SolutionProperties) = preSolution
		HideSolutionNode = FALSE
	EndGlobalSection
	GlobalSection(ExtensibilityGlobals) = postSolution
	EndGlobalSection
EndGlobal
